{
  "name": "mips-assembler-cli",
  "version": "1.0.0",
  "lockfileVersion": 1,
  "requires": true,
  "dependencies": {
    "mips-assembler": {
      "version": "1.4.2",
      "resolved": "https://registry.npmjs.org/mips-assembler/-/mips-assembler-1.4.2.tgz",
      "integrity": "sha512-FRrQ6ifxgg1ZEVgzp8MkOt4MnrWHenUxjVKERiXhtB5LwxD5v9yuDmEnnOYDjamj4v07PTIjn2Z+kO4etz+qfg==",
      "requires": {
        "mips-inst": "^2.2.3"
      }
    },
    "mips-inst": {
      "version": "2.2.3",
      "resolved": "https://registry.npmjs.org/mips-inst/-/mips-inst-2.2.3.tgz",
      "integrity": "sha512-IrD6Xr1S5Avl99YVAwqriwP4JoMgqLcqhZWqTbUhdmWj4ojcCN2XPLe8lZS9w2P7nH96R/aUZlkR0tdnYNPWcQ=="
    }
  }
}
